// !$*UTF8*$!
{
	archiveVersion = 1;
	classes = {
	};
	objectVersion = 48;
	objects = {

/* Begin PBXBuildFile section */
		586030DB206D055F00992951 /* IG.framework in Frameworks */ = {isa = PBXBuildFile; fileRef = 586030D1206D055F00992951 /* IG.framework */; };
		586030E0206D055F00992951 /* IGTests.swift in Sources */ = {isa = PBXBuildFile; fileRef = 586030DF206D055F00992951 /* IGTests.swift */; };
		586030E2206D056000992951 /* IG.h in Headers */ = {isa = PBXBuildFile; fileRef = 586030D4206D055F00992951 /* IG.h */; settings = {ATTRIBUTES = (Public, ); }; };
		586030EE206D061D00992951 /* IG.swift in Sources */ = {isa = PBXBuildFile; fileRef = 586030EB206D061D00992951 /* IG.swift */; };
		586030EF206D061D00992951 /* IGUser.swift in Sources */ = {isa = PBXBuildFile; fileRef = 586030EC206D061D00992951 /* IGUser.swift */; };
		586030F0206D061D00992951 /* IGAuthResponse.swift in Sources */ = {isa = PBXBuildFile; fileRef = 586030ED206D061D00992951 /* IGAuthResponse.swift */; };
/* End PBXBuildFile section */

/* Begin PBXContainerItemProxy section */
		586030DC206D055F00992951 /* PBXContainerItemProxy */ = {
			isa = PBXContainerItemProxy;
			containerPortal = 586030C8206D055F00992951 /* Project object */;
			proxyType = 1;
			remoteGlobalIDString = 586030D0206D055F00992951;
			remoteInfo = IG;
		};
/* End PBXContainerItemProxy section */

/* Begin PBXFileReference section */
		586030D1206D055F00992951 /* IG.framework */ = {isa = PBXFileReference; explicitFileType = wrapper.framework; includeInIndex = 0; path = IG.framework; sourceTree = BUILT_PRODUCTS_DIR; };
		586030D4206D055F00992951 /* IG.h */ = {isa = PBXFileReference; lastKnownFileType = sourcecode.c.h; path = IG.h; sourceTree = "<group>"; };
		586030D5206D055F00992951 /* Info.plist */ = {isa = PBXFileReference; lastKnownFileType = text.plist.xml; path = Info.plist; sourceTree = "<group>"; };
		586030DA206D055F00992951 /* IGTests.xctest */ = {isa = PBXFileReference; explicitFileType = wrapper.cfbundle; includeInIndex = 0; path = IGTests.xctest; sourceTree = BUILT_PRODUCTS_DIR; };
		586030DF206D055F00992951 /* IGTests.swift */ = {isa = PBXFileReference; lastKnownFileType = sourcecode.swift; path = IGTests.swift; sourceTree = "<group>"; };
		586030E1206D056000992951 /* Info.plist */ = {isa = PBXFileReference; lastKnownFileType = text.plist.xml; path = Info.plist; sourceTree = "<group>"; };
		586030EB206D061D00992951 /* IG.swift */ = {isa = PBXFileReference; fileEncoding = 4; lastKnownFileType = sourcecode.swift; path = IG.swift; sourceTree = "<group>"; };
		586030EC206D061D00992951 /* IGUser.swift */ = {isa = PBXFileReference; fileEncoding = 4; lastKnownFileType = sourcecode.swift; path = IGUser.swift; sourceTree = "<group>"; };
		586030ED206D061D00992951 /* IGAuthResponse.swift */ = {isa = PBXFileReference; fileEncoding = 4; lastKnownFileType = sourcecode.swift; path = IGAuthResponse.swift; sourceTree = "<group>"; };
		586030F1206D063100992951 /* IG.podspec */ = {isa = PBXFileReference; lastKnownFileType = text; name = IG.podspec; path = ../IG.podspec; sourceTree = "<group>"; };
/* End PBXFileReference section */

/* Begin PBXFrameworksBuildPhase section */
		586030CD206D055F00992951 /* Frameworks */ = {
			isa = PBXFrameworksBuildPhase;
			buildActionMask = 2147483647;
			files = (
			);
			runOnlyForDeploymentPostprocessing = 0;
		};
		586030D7206D055F00992951 /* Frameworks */ = {
			isa = PBXFrameworksBuildPhase;
			buildActionMask = 2147483647;
			files = (
				586030DB206D055F00992951 /* IG.framework in Frameworks */,
			);
			runOnlyForDeploymentPostprocessing = 0;
		};
/* End PBXFrameworksBuildPhase section */

/* Begin PBXGroup section */
		586030C7206D055F00992951 = {
			isa = PBXGroup;
			children = (
				586030F1206D063100992951 /* IG.podspec */,
				586030D3206D055F00992951 /* IG */,
				586030DE206D055F00992951 /* IGTests */,
				586030D2206D055F00992951 /* Products */,
			);
			sourceTree = "<group>";
		};
		586030D2206D055F00992951 /* Products */ = {
			isa = PBXGroup;
			children = (
				586030D1206D055F00992951 /* IG.framework */,
				586030DA206D055F00992951 /* IGTests.xctest */,
			);
			name = Products;
			sourceTree = "<group>";
		};
		586030D3206D055F00992951 /* IG */ = {
			isa = PBXGroup;
			children = (
				586030EB206D061D00992951 /* IG.swift */,
				586030ED206D061D00992951 /* IGAuthResponse.swift */,
				586030EC206D061D00992951 /* IGUser.swift */,
				586030D4206D055F00992951 /* IG.h */,
				586030D5206D055F00992951 /* Info.plist */,
			);
			path = IG;
			sourceTree = "<group>";
		};
		586030DE206D055F00992951 /* IGTests */ = {
			isa = PBXGroup;
			children = (
				586030DF206D055F00992951 /* IGTests.swift */,
				586030E1206D056000992951 /* Info.plist */,
			);
			path = IGTests;
			sourceTree = "<group>";
		};
/* End PBXGroup section */

/* Begin PBXHeadersBuildPhase section */
		586030CE206D055F00992951 /* Headers */ = {
			isa = PBXHeadersBuildPhase;
			buildActionMask = 2147483647;
			files = (
				586030E2206D056000992951 /* IG.h in Headers */,
			);
			runOnlyForDeploymentPostprocessing = 0;
		};
/* End PBXHeadersBuildPhase section */

/* Begin PBXNativeTarget section */
		586030D0206D055F00992951 /* IG */ = {
			isa = PBXNativeTarget;
			buildConfigurationList = 586030E5206D056000992951 /* Build configuration list for PBXNativeTarget "IG" */;
			buildPhases = (
				586030CC206D055F00992951 /* Sources */,
				586030CD206D055F00992951 /* Frameworks */,
				586030CE206D055F00992951 /* Headers */,
				586030CF206D055F00992951 /* Resources */,
			);
			buildRules = (
			);
			dependencies = (
			);
			name = IG;
			productName = IG;
			productReference = 586030D1206D055F00992951 /* IG.framework */;
			productType = "com.apple.product-type.framework";
		};
		586030D9206D055F00992951 /* IGTests */ = {
			isa = PBXNativeTarget;
			buildConfigurationList = 586030E8206D056000992951 /* Build configuration list for PBXNativeTarget "IGTests" */;
			buildPhases = (
				586030D6206D055F00992951 /* Sources */,
				586030D7206D055F00992951 /* Frameworks */,
				586030D8206D055F00992951 /* Resources */,
			);
			buildRules = (
			);
			dependencies = (
				586030DD206D055F00992951 /* PBXTargetDependency */,
			);
			name = IGTests;
			productName = IGTests;
			productReference = 586030DA206D055F00992951 /* IGTests.xctest */;
			productType = "com.apple.product-type.bundle.unit-test";
		};
/* End PBXNativeTarget section */

/* Begin PBXProject section */
		586030C8206D055F00992951 /* Project object */ = {
			isa = PBXProject;
			attributes = {
				LastSwiftUpdateCheck = 0920;
				LastUpgradeCheck = 0920;
				ORGANIZATIONNAME = "Yusuke Ohashi";
				TargetAttributes = {
					586030D0206D055F00992951 = {
						CreatedOnToolsVersion = 9.2;
						LastSwiftMigration = 0920;
						ProvisioningStyle = Automatic;
					};
					586030D9206D055F00992951 = {
						CreatedOnToolsVersion = 9.2;
						ProvisioningStyle = Automatic;
					};
				};
			};
			buildConfigurationList = 586030CB206D055F00992951 /* Build configuration list for PBXProject "IG" */;
			compatibilityVersion = "Xcode 8.0";
			developmentRegion = en;
			hasScannedForEncodings = 0;
			knownRegions = (
				en,
			);
			mainGroup = 586030C7206D055F00992951;
			productRefGroup = 586030D2206D055F00992951 /* Products */;
			projectDirPath = "";
			projectRoot = "";
			targets = (
				586030D0206D055F00992951 /* IG */,
				586030D9206D055F00992951 /* IGTests */,
			);
		};
/* End PBXProject section */

/* Begin PBXResourcesBuildPhase section */
		586030CF206D055F00992951 /* Resources */ = {
			isa = PBXResourcesBuildPhase;
			buildActionMask = 2147483647;
			files = (
			);
			runOnlyForDeploymentPostprocessing = 0;
		};
		586030D8206D055F00992951 /* Resources */ = {
			isa = PBXResourcesBuildPhase;
			buildActionMask = 2147483647;
			files = (
			);
			runOnlyForDeploymentPostprocessing = 0;
		};
/* End PBXResourcesBuildPhase section */

/* Begin PBXSourcesBuildPhase section */
		586030CC206D055F00992951 /* Sources */ = {
			isa = PBXSourcesBuildPhase;
			buildActionMask = 2147483647;
			files = (
				586030F0206D061D00992951 /* IGAuthResponse.swift in Sources */,
				586030EF206D061D00992951 /* IGUser.swift in Sources */,
				586030EE206D061D00992951 /* IG.swift in Sources */,
			);
			runOnlyForDeploymentPostprocessing = 0;
		};
		586030D6206D055F00992951 /* Sources */ = {
			isa = PBXSourcesBuildPhase;
			buildActionMask = 2147483647;
			files = (
				586030E0206D055F00992951 /* IGTests.swift in Sources */,
			);
			runOnlyForDeploymentPostprocessing = 0;
		};
/* End PBXSourcesBuildPhase section */

/* Begin PBXTargetDependency section */
		586030DD206D055F00992951 /* PBXTargetDependency */ = {
			isa = PBXTargetDependency;
			target = 586030D0206D055F00992951 /* IG */;
			targetProxy = 586030DC206D055F00992951 /* PBXContainerItemProxy */;
		};
/* End PBXTargetDependency section */

/* Begin XCBuildConfiguration section */
		586030E3206D056000992951 /* Debug */ = {
			isa = XCBuildConfiguration;
			buildSettings = {
				ALWAYS_SEARCH_USER_PATHS = NO;
				CLANG_ANALYZER_NONNULL = YES;
				CLANG_ANALYZER_NUMBER_OBJECT_CONVERSION = YES_AGGRESSIVE;
				CLANG_CXX_LANGUAGE_STANDARD = "gnu++14";
				CLANG_CXX_LIBRARY = "libc++";
				CLANG_ENABLE_MODULES = YES;
				CLANG_ENABLE_OBJC_ARC = YES;
				CLANG_WARN_BLOCK_CAPTURE_AUTORELEASING = YES;
				CLANG_WARN_BOOL_CONVERSION = YES;
				CLANG_WARN_COMMA = YES;
				CLANG_WARN_CONSTANT_CONVERSION = YES;
				CLANG_WARN_DIRECT_OBJC_ISA_USAGE = YES_ERROR;
				CLANG_WARN_DOCUMENTATION_COMMENTS = YES;
				CLANG_WARN_EMPTY_BODY = YES;
				CLANG_WARN_ENUM_CONVERSION = YES;
				CLANG_WARN_INFINITE_RECURSION = YES;
				CLANG_WARN_INT_CONVERSION = YES;
				CLANG_WARN_NON_LITERAL_NULL_CONVERSION = YES;
				CLANG_WARN_OBJC_LITERAL_CONVERSION = YES;
				CLANG_WARN_OBJC_ROOT_CLASS = YES_ERROR;
				CLANG_WARN_RANGE_LOOP_ANALYSIS = YES;
				CLANG_WARN_STRICT_PROTOTYPES = YES;
				CLANG_WARN_SUSPICIOUS_MOVE = YES;
				CLANG_WARN_UNGUARDED_AVAILABILITY = YES_AGGRESSIVE;
				CLANG_WARN_UNREACHABLE_CODE = YES;
				CLANG_WARN__DUPLICATE_METHOD_MATCH = YES;
				CODE_SIGN_IDENTITY = "iPhone Developer";
				COPY_PHASE_STRIP = NO;
				CURRENT_PROJECT_VERSION = 1;
				DEBUG_INFORMATION_FORMAT = dwarf;
				ENABLE_STRICT_OBJC_MSGSEND = YES;
				ENABLE_TESTABILITY = YES;
				GCC_C_LANGUAGE_STANDARD = gnu11;
				GCC_DYNAMIC_NO_PIC = NO;
				GCC_NO_COMMON_BLOCKS = YES;
				GCC_OPTIMIZATION_LEVEL = 0;
				GCC_PREPROCESSOR_DEFINITIONS = (
					"DEBUG=1",
					"$(inherited)",
				);
				GCC_WARN_64_TO_32_BIT_CONVERSION = YES;
				GCC_WARN_ABOUT_RETURN_TYPE = YES_ERROR;
				GCC_WARN_UNDECLARED_SELECTOR = YES;
				GCC_WARN_UNINITIALIZED_AUTOS = YES_AGGRESSIVE;
				GCC_WARN_UNUSED_FUNCTION = YES;
				GCC_WARN_UNUSED_VARIABLE = YES;
				IPHONEOS_DEPLOYMENT_TARGET = 11.2;
				MTL_ENABLE_DEBUG_INFO = YES;
				ONLY_ACTIVE_ARCH = YES;
				SDKROOT = iphoneos;
				SWIFT_ACTIVE_COMPILATION_CONDITIONS = DEBUG;
				SWIFT_OPTIMIZATION_LEVEL = "-Onone";
				VERSIONING_SYSTEM = "apple-generic";
				VERSION_INFO_PREFIX = "";
			};
			name = Debug;
		};
		586030E4206D056000992951 /* Release */ = {
			isa = XCBuildConfiguration;
			buildSettings = {
				ALWAYS_SEARCH_USER_PATHS = NO;
				CLANG_ANALYZER_NONNULL = YES;
				CLANG_ANALYZER_NUMBER_OBJECT_CONVERSION = YES_AGGRESSIVE;
				CLANG_CXX_LANGUAGE_STANDARD = "gnu++14";
				CLANG_CXX_LIBRARY = "libc++";
				CLANG_ENABLE_MODULES = YES;
				CLANG_ENABLE_OBJC_ARC = YES;
				CLANG_WARN_BLOCK_CAPTURE_AUTORELEASING = YES;
				CLANG_WARN_BOOL_CONVERSION = YES;
				CLANG_WARN_COMMA = YES;
				CLANG_WARN_CONSTANT_CONVERSION = YES;
				CLANG_WARN_DIRECT_OBJC_ISA_USAGE = YES_ERROR;
				CLANG_WARN_DOCUMENTATION_COMMENTS = YES;
				CLANG_WARN_EMPTY_BODY = YES;
				CLANG_WARN_ENUM_CONVERSION = YES;
				CLANG_WARN_INFINITE_RECURSION = YES;
				CLANG_WARN_INT_CONVERSION = YES;
				CLANG_WARN_NON_LITERAL_NULL_CONVERSION = YES;
				CLANG_WARN_OBJC_LITERAL_CONVERSION = YES;
				CLANG_WARN_OBJC_ROOT_CLASS = YES_ERROR;
				CLANG_WARN_RANGE_LOOP_ANALYSIS = YES;
				CLANG_WARN_STRICT_PROTOTYPES = YES;
				CLANG_WARN_SUSPICIOUS_MOVE = YES;
				CLANG_WARN_UNGUARDED_AVAILABILITY = YES_AGGRESSIVE;
				CLANG_WARN_UNREACHABLE_CODE = YES;
				CLANG_WARN__DUPLICATE_METHOD_MATCH = YES;
				CODE_SIGN_IDENTITY = "iPhone Developer";
				COPY_PHASE_STRIP = NO;
				CURRENT_PROJECT_VERSION = 1;
				DEBUG_INFORMATION_FORMAT = "dwarf-with-dsym";
				ENABLE_NS_ASSERTIONS = NO;
				ENABLE_STRICT_OBJC_MSGSEND = YES;
				GCC_C_LANGUAGE_STANDARD = gnu11;
				GCC_NO_COMMON_BLOCKS = YES;
				GCC_WARN_64_TO_32_BIT_CONVERSION = YES;
				GCC_WARN_ABOUT_RETURN_TYPE = YES_ERROR;
				GCC_WARN_UNDECLARED_SELECTOR = YES;
				GCC_WARN_UNINITIALIZED_AUTOS = YES_AGGRESSIVE;
				GCC_WARN_UNUSED_FUNCTION = YES;
				GCC_WARN_UNUSED_VARIABLE = YES;
				IPHONEOS_DEPLOYMENT_TARGET = 11.2;
				MTL_ENABLE_DEBUG_INFO = NO;
				SDKROOT = iphoneos;
				SWIFT_OPTIMIZATION_LEVEL = "-Owholemodule";
				VALIDATE_PRODUCT = YES;
				VERSIONING_SYSTEM = "apple-generic";
				VERSION_INFO_PREFIX = "";
			};
			name = Release;
		};
		586030E6206D056000992951 /* Debug */ = {
			isa = XCBuildConfiguration;
			buildSettings = {
				CLANG_ENABLE_MODULES = YES;
				CODE_SIGN_IDENTITY = "";
				CODE_SIGN_STYLE = Automatic;
				DEFINES_MODULE = YES;
				DEVELOPMENT_TEAM = KHFXF6N2QE;
				DYLIB_COMPATIBILITY_VERSION = 1;
				DYLIB_CURRENT_VERSION = 1;
				DYLIB_INSTALL_NAME_BASE = "@rpath";
				INFOPLIST_FILE = IG/Info.plist;
				INSTALL_PATH = "$(LOCAL_LIBRARY_DIR)/Frameworks";
				LD_RUNPATH_SEARCH_PATHS = "$(inherited) @executable_path/Frameworks @loader_path/Frameworks";
				PRODUCT_BUNDLE_IDENTIFIER = me.junkpiano.universal.IG;
				PRODUCT_NAME = "$(TARGET_NAME:c99extidentifier)";
				SKIP_INSTALL = YES;
				SWIFT_OPTIMIZATION_LEVEL = "-Onone";
				SWIFT_VERSION = 4.0;
				TARGETED_DEVICE_FAMILY = "1,2";
			};
			name = Debug;
		};
		586030E7206D056000992951 /* Release */ = {
			isa = XCBuildConfiguration;
			buildSettings = {
				CLANG_ENABLE_MODULES = YES;
				CODE_SIGN_IDENTITY = "";
				CODE_SIGN_STYLE = Automatic;
				DEFINES_MODULE = YES;
				DEVELOPMENT_TEAM = KHFXF6N2QE;
				DYLIB_COMPATIBILITY_VERSION = 1;
				DYLIB_CURRENT_VERSION = 1;
				DYLIB_INSTALL_NAME_BASE = "@rpath";
				INFOPLIST_FILE = IG/Info.plist;
				INSTALL_PATH = "$(LOCAL_LIBRARY_DIR)/Frameworks";
				LD_RUNPATH_SEARCH_PATHS = "$(inherited) @executable_path/Frameworks @loader_path/Frameworks";
				PRODUCT_BUNDLE_IDENTIFIER = me.junkpiano.universal.IG;
				PRODUCT_NAME = "$(TARGET_NAME:c99extidentifier)";
				SKIP_INSTALL = YES;
				SWIFT_VERSION = 4.0;
				TARGETED_DEVICE_FAMILY = "1,2";
			};
			name = Release;
		};
		586030E9206D056000992951 /* Debug */ = {
			isa = XCBuildConfiguration;
			buildSettings = {
				ALWAYS_EMBED_SWIFT_STANDARD_LIBRARIES = YES;
				CODE_SIGN_STYLE = Automatic;
				DEVELOPMENT_TEAM = KHFXF6N2QE;
				INFOPLIST_FILE = IGTests/Info.plist;
				LD_RUNPATH_SEARCH_PATHS = "$(inherited) @executable_path/Frameworks @loader_path/Frameworks";
				PRODUCT_BUNDLE_IDENTIFIER = me.junkpiano.universal.IGTests;
				PRODUCT_NAME = "$(TARGET_NAME)";
				SWIFT_VERSION = 4.0;
				TARGETED_DEVICE_FAMILY = "1,2";
			};
			name = Debug;
		};
		586030EA206D056000992951 /* Release */ = {
			isa = XCBuildConfiguration;
			buildSettings = {
				ALWAYS_EMBED_SWIFT_STANDARD_LIBRARIES = YES;
				CODE_SIGN_STYLE = Automatic;
				DEVELOPMENT_TEAM = KHFXF6N2QE;
				INFOPLIST_FILE = IGTests/Info.plist;
				LD_RUNPATH_SEARCH_PATHS = "$(inherited) @executable_path/Frameworks @loader_path/Frameworks";
				PRODUCT_BUNDLE_IDENTIFIER = me.junkpiano.universal.IGTests;
				PRODUCT_NAME = "$(TARGET_NAME)";
				SWIFT_VERSION = 4.0;
				TARGETED_DEVICE_FAMILY = "1,2";
			};
			name = Release;
		};
/* End XCBuildConfiguration section */

/* Begin XCConfigurationList section */
		586030CB206D055F00992951 /* Build configuration list for PBXProject "IG" */ = {
			isa = XCConfigurationList;
			buildConfigurations = (
				586030E3206D056000992951 /* Debug */,
				586030E4206D056000992951 /* Release */,
			);
			defaultConfigurationIsVisible = 0;
			defaultConfigurationName = Release;
		};
		586030E5206D056000992951 /* Build configuration list for PBXNativeTarget "IG" */ = {
			isa = XCConfigurationList;
			buildConfigurations = (
				586030E6206D056000992951 /* Debug */,
				586030E7206D056000992951 /* Release */,
			);
			defaultConfigurationIsVisible = 0;
			defaultConfigurationName = Release;
		};
		586030E8206D056000992951 /* Build configuration list for PBXNativeTarget "IGTests" */ = {
			isa = XCConfigurationList;
			buildConfigurations = (
				586030E9206D056000992951 /* Debug */,
				586030EA206D056000992951 /* Release */,
			);
			defaultConfigurationIsVisible = 0;
			defaultConfigurationName = Release;
		};
/* End XCConfigurationList section */
	};
	rootObject = 586030C8206D055F00992951 /* Project object */;
}
