PODS:
  - IG (0.1.0)
  - Nimble (7.0.3)
  - Quick (1.2.0)

DEPENDENCIES:
  - IG (from `../`)
  - Nimble (~> 7.0.2)
  - Quick (~> 1.2.0)

EXTERNAL SOURCES:
  IG:
    :path: ../

SPEC CHECKSUMS:
  IG: 55c45ecd8f37fd37be287f5d68282162e58e9cc4
  Nimble: 7f5a9c447a33002645a071bddafbfb24ea70e0ac
  Quick: 58d203b1c5e27fff7229c4c1ae445ad7069a7a08

PODFILE CHECKSUM: 7920ebf36817dfa9b76203d6dd54e0263863e808

COCOAPODS: 1.4.0
